
Microsoft Visual Studio Solution File, Format Version 12.00
# Visual Studio Version 17
VisualStudioVersion = 17.9.34723.18
MinimumVisualStudioVersion = 10.0.40219.1
Project("{8BC9CEB8-8B4A-11D0-8D11-00A0C91BC942}") = "Task1", "Task1\Task1.vcxproj", "{9604A534-93D8-4F67-B9AA-925CD7C0500E}"
EndProject
Project("{8BC9CEB8-8B4A-11D0-8D11-00A0C91BC942}") = "Task2", "Task2\Task2.vcxproj", "{0DEE30A7-CC57-4FAD-A1EE-42D9A1971263}"
EndProject
Project("{8BC9CEB8-8B4A-11D0-8D11-00A0C91BC942}") = "Task3", "Task3\Task3.vcxproj", "{B60CA65B-75EE-4240-B611-FB2A0D2AECCF}"
EndProject
Project("{8BC9CEB8-8B4A-11D0-8D11-00A0C91BC942}") = "Task4", "Task4\Task4.vcxproj", "{E0B352C6-FD68-4CE0-9168-C48C4C583743}"
EndProject
Project("{8BC9CEB8-8B4A-11D0-8D11-00A0C91BC942}") = "Task5", "Task5\Task5.vcxproj", "{4B931D19-1705-4430-9498-551735F43138}"
EndProject
Project("{8BC9CEB8-8B4A-11D0-8D11-00A0C91BC942}") = "Task6", "Task6\Task6.vcxproj", "{587536F9-7707-4F58-934E-22EA38E85846}"
EndProject
Project("{8BC9CEB8-8B4A-11D0-8D11-00A0C91BC942}") = "Task7", "Task7\Task7.vcxproj", "{81651181-1E70-4497-A280-A40C545E14FE}"
EndProject
Project("{8BC9CEB8-8B4A-11D0-8D11-00A0C91BC942}") = "Task8", "Task8\Task8.vcxproj", "{9FD3F5AC-C38E-4070-8F21-30DE5003EEDA}"
EndProject
Project("{8BC9CEB8-8B4A-11D0-8D11-00A0C91BC942}") = "Task9", "Task9\Task9.vcxproj", "{D769C55A-48CB-4C60-BDCB-17D17B77E0D4}"
EndProject
Project("{8BC9CEB8-8B4A-11D0-8D11-00A0C91BC942}") = "Task10", "Task10\Task10.vcxproj", "{245AC819-7AC2-418A-9138-274C2883BF40}"
EndProject
Project("{8BC9CEB8-8B4A-11D0-8D11-00A0C91BC942}") = "Task11", "Task11\Task11.vcxproj", "{53992934-7789-42DB-A271-938278403342}"
EndProject
Project("{8BC9CEB8-8B4A-11D0-8D11-00A0C91BC942}") = "Task12", "Task12\Task12.vcxproj", "{0ADB7334-3DC9-4E40-A26E-FC835B130D85}"
EndProject
Global
	GlobalSection(SolutionConfigurationPlatforms) = preSolution
		Debug|x64 = Debug|x64
		Debug|x86 = Debug|x86
		Release|x64 = Release|x64
		Release|x86 = Release|x86
	EndGlobalSection
	GlobalSection(ProjectConfigurationPlatforms) = postSolution
		{9604A534-93D8-4F67-B9AA-925CD7C0500E}.Debug|x64.ActiveCfg = Debug|x64
		{9604A534-93D8-4F67-B9AA-925CD7C0500E}.Debug|x64.Build.0 = Debug|x64
		{9604A534-93D8-4F67-B9AA-925CD7C0500E}.Debug|x86.ActiveCfg = Debug|Win32
		{9604A534-93D8-4F67-B9AA-925CD7C0500E}.Debug|x86.Build.0 = Debug|Win32
		{9604A534-93D8-4F67-B9AA-925CD7C0500E}.Release|x64.ActiveCfg = Release|x64
		{9604A534-93D8-4F67-B9AA-925CD7C0500E}.Release|x64.Build.0 = Release|x64
		{9604A534-93D8-4F67-B9AA-925CD7C0500E}.Release|x86.ActiveCfg = Release|Win32
		{9604A534-93D8-4F67-B9AA-925CD7C0500E}.Release|x86.Build.0 = Release|Win32
		{0DEE30A7-CC57-4FAD-A1EE-42D9A1971263}.Debug|x64.ActiveCfg = Debug|x64
		{0DEE30A7-CC57-4FAD-A1EE-42D9A1971263}.Debug|x64.Build.0 = Debug|x64
		{0DEE30A7-CC57-4FAD-A1EE-42D9A1971263}.Debug|x86.ActiveCfg = Debug|Win32
		{0DEE30A7-CC57-4FAD-A1EE-42D9A1971263}.Debug|x86.Build.0 = Debug|Win32
		{0DEE30A7-CC57-4FAD-A1EE-42D9A1971263}.Release|x64.ActiveCfg = Release|x64
		{0DEE30A7-CC57-4FAD-A1EE-42D9A1971263}.Release|x64.Build.0 = Release|x64
		{0DEE30A7-CC57-4FAD-A1EE-42D9A1971263}.Release|x86.ActiveCfg = Release|Win32
		{0DEE30A7-CC57-4FAD-A1EE-42D9A1971263}.Release|x86.Build.0 = Release|Win32
		{B60CA65B-75EE-4240-B611-FB2A0D2AECCF}.Debug|x64.ActiveCfg = Debug|x64
		{B60CA65B-75EE-4240-B611-FB2A0D2AECCF}.Debug|x64.Build.0 = Debug|x64
		{B60CA65B-75EE-4240-B611-FB2A0D2AECCF}.Debug|x86.ActiveCfg = Debug|Win32
		{B60CA65B-75EE-4240-B611-FB2A0D2AECCF}.Debug|x86.Build.0 = Debug|Win32
		{B60CA65B-75EE-4240-B611-FB2A0D2AECCF}.Release|x64.ActiveCfg = Release|x64
		{B60CA65B-75EE-4240-B611-FB2A0D2AECCF}.Release|x64.Build.0 = Release|x64
		{B60CA65B-75EE-4240-B611-FB2A0D2AECCF}.Release|x86.ActiveCfg = Release|Win32
		{B60CA65B-75EE-4240-B611-FB2A0D2AECCF}.Release|x86.Build.0 = Release|Win32
		{E0B352C6-FD68-4CE0-9168-C48C4C583743}.Debug|x64.ActiveCfg = Debug|x64
		{E0B352C6-FD68-4CE0-9168-C48C4C583743}.Debug|x64.Build.0 = Debug|x64
		{E0B352C6-FD68-4CE0-9168-C48C4C583743}.Debug|x86.ActiveCfg = Debug|Win32
		{E0B352C6-FD68-4CE0-9168-C48C4C583743}.Debug|x86.Build.0 = Debug|Win32
		{E0B352C6-FD68-4CE0-9168-C48C4C583743}.Release|x64.ActiveCfg = Release|x64
		{E0B352C6-FD68-4CE0-9168-C48C4C583743}.Release|x64.Build.0 = Release|x64
		{E0B352C6-FD68-4CE0-9168-C48C4C583743}.Release|x86.ActiveCfg = Release|Win32
		{E0B352C6-FD68-4CE0-9168-C48C4C583743}.Release|x86.Build.0 = Release|Win32
		{4B931D19-1705-4430-9498-551735F43138}.Debug|x64.ActiveCfg = Debug|x64
		{4B931D19-1705-4430-9498-551735F43138}.Debug|x64.Build.0 = Debug|x64
		{4B931D19-1705-4430-9498-551735F43138}.Debug|x86.ActiveCfg = Debug|Win32
		{4B931D19-1705-4430-9498-551735F43138}.Debug|x86.Build.0 = Debug|Win32
		{4B931D19-1705-4430-9498-551735F43138}.Release|x64.ActiveCfg = Release|x64
		{4B931D19-1705-4430-9498-551735F43138}.Release|x64.Build.0 = Release|x64
		{4B931D19-1705-4430-9498-551735F43138}.Release|x86.ActiveCfg = Release|Win32
		{4B931D19-1705-4430-9498-551735F43138}.Release|x86.Build.0 = Release|Win32
		{587536F9-7707-4F58-934E-22EA38E85846}.Debug|x64.ActiveCfg = Debug|x64
		{587536F9-7707-4F58-934E-22EA38E85846}.Debug|x64.Build.0 = Debug|x64
		{587536F9-7707-4F58-934E-22EA38E85846}.Debug|x86.ActiveCfg = Debug|Win32
		{587536F9-7707-4F58-934E-22EA38E85846}.Debug|x86.Build.0 = Debug|Win32
		{587536F9-7707-4F58-934E-22EA38E85846}.Release|x64.ActiveCfg = Release|x64
		{587536F9-7707-4F58-934E-22EA38E85846}.Release|x64.Build.0 = Release|x64
		{587536F9-7707-4F58-934E-22EA38E85846}.Release|x86.ActiveCfg = Release|Win32
		{587536F9-7707-4F58-934E-22EA38E85846}.Release|x86.Build.0 = Release|Win32
		{81651181-1E70-4497-A280-A40C545E14FE}.Debug|x64.ActiveCfg = Debug|x64
		{81651181-1E70-4497-A280-A40C545E14FE}.Debug|x64.Build.0 = Debug|x64
		{81651181-1E70-4497-A280-A40C545E14FE}.Debug|x86.ActiveCfg = Debug|Win32
		{81651181-1E70-4497-A280-A40C545E14FE}.Debug|x86.Build.0 = Debug|Win32
		{81651181-1E70-4497-A280-A40C545E14FE}.Release|x64.ActiveCfg = Release|x64
		{81651181-1E70-4497-A280-A40C545E14FE}.Release|x64.Build.0 = Release|x64
		{81651181-1E70-4497-A280-A40C545E14FE}.Release|x86.ActiveCfg = Release|Win32
		{81651181-1E70-4497-A280-A40C545E14FE}.Release|x86.Build.0 = Release|Win32
		{9FD3F5AC-C38E-4070-8F21-30DE5003EEDA}.Debug|x64.ActiveCfg = Debug|x64
		{9FD3F5AC-C38E-4070-8F21-30DE5003EEDA}.Debug|x64.Build.0 = Debug|x64
		{9FD3F5AC-C38E-4070-8F21-30DE5003EEDA}.Debug|x86.ActiveCfg = Debug|Win32
		{9FD3F5AC-C38E-4070-8F21-30DE5003EEDA}.Debug|x86.Build.0 = Debug|Win32
		{9FD3F5AC-C38E-4070-8F21-30DE5003EEDA}.Release|x64.ActiveCfg = Release|x64
		{9FD3F5AC-C38E-4070-8F21-30DE5003EEDA}.Release|x64.Build.0 = Release|x64
		{9FD3F5AC-C38E-4070-8F21-30DE5003EEDA}.Release|x86.ActiveCfg = Release|Win32
		{9FD3F5AC-C38E-4070-8F21-30DE5003EEDA}.Release|x86.Build.0 = Release|Win32
		{D769C55A-48CB-4C60-BDCB-17D17B77E0D4}.Debug|x64.ActiveCfg = Debug|x64
		{D769C55A-48CB-4C60-BDCB-17D17B77E0D4}.Debug|x64.Build.0 = Debug|x64
		{D769C55A-48CB-4C60-BDCB-17D17B77E0D4}.Debug|x86.ActiveCfg = Debug|Win32
		{D769C55A-48CB-4C60-BDCB-17D17B77E0D4}.Debug|x86.Build.0 = Debug|Win32
		{D769C55A-48CB-4C60-BDCB-17D17B77E0D4}.Release|x64.ActiveCfg = Release|x64
		{D769C55A-48CB-4C60-BDCB-17D17B77E0D4}.Release|x64.Build.0 = Release|x64
		{D769C55A-48CB-4C60-BDCB-17D17B77E0D4}.Release|x86.ActiveCfg = Release|Win32
		{D769C55A-48CB-4C60-BDCB-17D17B77E0D4}.Release|x86.Build.0 = Release|Win32
		{245AC819-7AC2-418A-9138-274C2883BF40}.Debug|x64.ActiveCfg = Debug|x64
		{245AC819-7AC2-418A-9138-274C2883BF40}.Debug|x64.Build.0 = Debug|x64
		{245AC819-7AC2-418A-9138-274C2883BF40}.Debug|x86.ActiveCfg = Debug|Win32
		{245AC819-7AC2-418A-9138-274C2883BF40}.Debug|x86.Build.0 = Debug|Win32
		{245AC819-7AC2-418A-9138-274C2883BF40}.Release|x64.ActiveCfg = Release|x64
		{245AC819-7AC2-418A-9138-274C2883BF40}.Release|x64.Build.0 = Release|x64
		{245AC819-7AC2-418A-9138-274C2883BF40}.Release|x86.ActiveCfg = Release|Win32
		{245AC819-7AC2-418A-9138-274C2883BF40}.Release|x86.Build.0 = Release|Win32
		{53992934-7789-42DB-A271-938278403342}.Debug|x64.ActiveCfg = Debug|x64
		{53992934-7789-42DB-A271-938278403342}.Debug|x64.Build.0 = Debug|x64
		{53992934-7789-42DB-A271-938278403342}.Debug|x86.ActiveCfg = Debug|Win32
		{53992934-7789-42DB-A271-938278403342}.Debug|x86.Build.0 = Debug|Win32
		{53992934-7789-42DB-A271-938278403342}.Release|x64.ActiveCfg = Release|x64
		{53992934-7789-42DB-A271-938278403342}.Release|x64.Build.0 = Release|x64
		{53992934-7789-42DB-A271-938278403342}.Release|x86.ActiveCfg = Release|Win32
		{53992934-7789-42DB-A271-938278403342}.Release|x86.Build.0 = Release|Win32
		{0ADB7334-3DC9-4E40-A26E-FC835B130D85}.Debug|x64.ActiveCfg = Debug|x64
		{0ADB7334-3DC9-4E40-A26E-FC835B130D85}.Debug|x64.Build.0 = Debug|x64
		{0ADB7334-3DC9-4E40-A26E-FC835B130D85}.Debug|x86.ActiveCfg = Debug|Win32
		{0ADB7334-3DC9-4E40-A26E-FC835B130D85}.Debug|x86.Build.0 = Debug|Win32
		{0ADB7334-3DC9-4E40-A26E-FC835B130D85}.Release|x64.ActiveCfg = Release|x64
		{0ADB7334-3DC9-4E40-A26E-FC835B130D85}.Release|x64.Build.0 = Release|x64
		{0ADB7334-3DC9-4E40-A26E-FC835B130D85}.Release|x86.ActiveCfg = Release|Win32
		{0ADB7334-3DC9-4E40-A26E-FC835B130D85}.Release|x86.Build.0 = Release|Win32
	EndGlobalSection
	GlobalSection(SolutionProperties) = preSolution
		HideSolutionNode = FALSE
	EndGlobalSection
	GlobalSection(ExtensibilityGlobals) = postSolution
		SolutionGuid = {C53BA1FE-D87D-4C51-93EA-4BA14C65F34F}
	EndGlobalSection
EndGlobal
